{
  "name": "tms",
  "version": "1.0.0",
  "lockfileVersion": 3,
  "requires": true,
  "packages": {
    "": {
      "name": "tms",
      "version": "1.0.0",
      "license": "ISC",
      "dependencies": {
        "devops-project": "file:",
        "tms": "file:",
        "TMS": "file:"
      }
    },
    "node_modules/devops-project": {
      "resolved": "",
      "link": true
    },
    "node_modules/tms": {
      "resolved": "",
      "link": true
    }
  }
}
